// !$*UTF8*$!
{
	archiveVersion = 1;
	classes = {
	};
	objectVersion = 48;
	objects = {

/* Begin PBXBuildFile section */
		DEDFB5681FE71F2E00DDEFC1 /* AppDelegate.swift in Sources */ = {isa = PBXBuildFile; fileRef = DEDFB5671FE71F2E00DDEFC1 /* AppDelegate.swift */; };
		DEDFB56D1FE71F2E00DDEFC1 /* Main.storyboard in Resources */ = {isa = PBXBuildFile; fileRef = DEDFB56B1FE71F2E00DDEFC1 /* Main.storyboard */; };
		DEDFB56F1FE71F2E00DDEFC1 /* Assets.xcassets in Resources */ = {isa = PBXBuildFile; fileRef = DEDFB56E1FE71F2E00DDEFC1 /* Assets.xcassets */; };
		DEDFB5721FE71F2E00DDEFC1 /* LaunchScreen.storyboard in Resources */ = {isa = PBXBuildFile; fileRef = DEDFB5701FE71F2E00DDEFC1 /* LaunchScreen.storyboard */; };
		DEDFB57C1FE7205C00DDEFC1 /* ViewController.swift in Sources */ = {isa = PBXBuildFile; fileRef = DEDFB57B1FE7205C00DDEFC1 /* ViewController.swift */; };
		DEDFB57E1FE7530000DDEFC1 /* TableViewCell.swift in Sources */ = {isa = PBXBuildFile; fileRef = DEDFB57D1FE7530000DDEFC1 /* TableViewCell.swift */; };
		DEDFB5801FECB60400DDEFC1 /* DetailViewController.swift in Sources */ = {isa = PBXBuildFile; fileRef = DEDFB57F1FECB60400DDEFC1 /* DetailViewController.swift */; };
		EB430D53247E43FBBD2CD27A /* Pods_BitcoinPrice.framework in Frameworks */ = {isa = PBXBuildFile; fileRef = A088E06B71EFEDE30203A2CF /* Pods_BitcoinPrice.framework */; };
/* End PBXBuildFile section */

/* Begin PBXFileReference section */
		632ACD088E61F517CCE15372 /* Pods-BitcoinPrice.release.xcconfig */ = {isa = PBXFileReference; includeInIndex = 1; lastKnownFileType = text.xcconfig; name = "Pods-BitcoinPrice.release.xcconfig"; path = "Pods/Target Support Files/Pods-BitcoinPrice/Pods-BitcoinPrice.release.xcconfig"; sourceTree = "<group>"; };
		A088E06B71EFEDE30203A2CF /* Pods_BitcoinPrice.framework */ = {isa = PBXFileReference; explicitFileType = wrapper.framework; includeInIndex = 0; path = Pods_BitcoinPrice.framework; sourceTree = BUILT_PRODUCTS_DIR; };
		AEFAC0AFD81784280573F069 /* Pods-BitcoinPrice.debug.xcconfig */ = {isa = PBXFileReference; includeInIndex = 1; lastKnownFileType = text.xcconfig; name = "Pods-BitcoinPrice.debug.xcconfig"; path = "Pods/Target Support Files/Pods-BitcoinPrice/Pods-BitcoinPrice.debug.xcconfig"; sourceTree = "<group>"; };
		DEDFB5641FE71F2E00DDEFC1 /* BitcoinPrice.app */ = {isa = PBXFileReference; explicitFileType = wrapper.application; includeInIndex = 0; path = BitcoinPrice.app; sourceTree = BUILT_PRODUCTS_DIR; };
		DEDFB5671FE71F2E00DDEFC1 /* AppDelegate.swift */ = {isa = PBXFileReference; lastKnownFileType = sourcecode.swift; path = AppDelegate.swift; sourceTree = "<group>"; };
		DEDFB56C1FE71F2E00DDEFC1 /* Base */ = {isa = PBXFileReference; lastKnownFileType = file.storyboard; name = Base; path = Base.lproj/Main.storyboard; sourceTree = "<group>"; };
		DEDFB56E1FE71F2E00DDEFC1 /* Assets.xcassets */ = {isa = PBXFileReference; lastKnownFileType = folder.assetcatalog; path = Assets.xcassets; sourceTree = "<group>"; };
		DEDFB5711FE71F2E00DDEFC1 /* Base */ = {isa = PBXFileReference; lastKnownFileType = file.storyboard; name = Base; path = Base.lproj/LaunchScreen.storyboard; sourceTree = "<group>"; };
		DEDFB5731FE71F2E00DDEFC1 /* Info.plist */ = {isa = PBXFileReference; lastKnownFileType = text.plist.xml; path = Info.plist; sourceTree = "<group>"; };
		DEDFB57B1FE7205C00DDEFC1 /* ViewController.swift */ = {isa = PBXFileReference; lastKnownFileType = sourcecode.swift; path = ViewController.swift; sourceTree = "<group>"; };
		DEDFB57D1FE7530000DDEFC1 /* TableViewCell.swift */ = {isa = PBXFileReference; lastKnownFileType = sourcecode.swift; path = TableViewCell.swift; sourceTree = "<group>"; };
		DEDFB57F1FECB60400DDEFC1 /* DetailViewController.swift */ = {isa = PBXFileReference; lastKnownFileType = sourcecode.swift; path = DetailViewController.swift; sourceTree = "<group>"; };
/* End PBXFileReference section */

/* Begin PBXFrameworksBuildPhase section */
		DEDFB5611FE71F2E00DDEFC1 /* Frameworks */ = {
			isa = PBXFrameworksBuildPhase;
			buildActionMask = 2147483647;
			files = (
				EB430D53247E43FBBD2CD27A /* Pods_BitcoinPrice.framework in Frameworks */,
			);
			runOnlyForDeploymentPostprocessing = 0;
		};
/* End PBXFrameworksBuildPhase section */

/* Begin PBXGroup section */
		53575A7D0F871C01F25DE557 /* Pods */ = {
			isa = PBXGroup;
			children = (
				AEFAC0AFD81784280573F069 /* Pods-BitcoinPrice.debug.xcconfig */,
				632ACD088E61F517CCE15372 /* Pods-BitcoinPrice.release.xcconfig */,
			);
			name = Pods;
			sourceTree = "<group>";
		};
		DEDFB55B1FE71F2E00DDEFC1 = {
			isa = PBXGroup;
			children = (
				DEDFB5661FE71F2E00DDEFC1 /* BitcoinPrice */,
				DEDFB5651FE71F2E00DDEFC1 /* Products */,
				53575A7D0F871C01F25DE557 /* Pods */,
				EFE651D0EF57E5DE7E67EFAD /* Frameworks */,
			);
			sourceTree = "<group>";
		};
		DEDFB5651FE71F2E00DDEFC1 /* Products */ = {
			isa = PBXGroup;
			children = (
				DEDFB5641FE71F2E00DDEFC1 /* BitcoinPrice.app */,
			);
			name = Products;
			sourceTree = "<group>";
		};
		DEDFB5661FE71F2E00DDEFC1 /* BitcoinPrice */ = {
			isa = PBXGroup;
			children = (
				DEDFB5671FE71F2E00DDEFC1 /* AppDelegate.swift */,
				DEDFB56B1FE71F2E00DDEFC1 /* Main.storyboard */,
				DEDFB57F1FECB60400DDEFC1 /* DetailViewController.swift */,
				DEDFB57B1FE7205C00DDEFC1 /* ViewController.swift */,
				DEDFB57D1FE7530000DDEFC1 /* TableViewCell.swift */,
				DEDFB56E1FE71F2E00DDEFC1 /* Assets.xcassets */,
				DEDFB5701FE71F2E00DDEFC1 /* LaunchScreen.storyboard */,
				DEDFB5731FE71F2E00DDEFC1 /* Info.plist */,
			);
			path = BitcoinPrice;
			sourceTree = "<group>";
		};
		EFE651D0EF57E5DE7E67EFAD /* Frameworks */ = {
			isa = PBXGroup;
			children = (
				A088E06B71EFEDE30203A2CF /* Pods_BitcoinPrice.framework */,
			);
			name = Frameworks;
			sourceTree = "<group>";
		};
/* End PBXGroup section */

/* Begin PBXNativeTarget section */
		DEDFB5631FE71F2E00DDEFC1 /* BitcoinPrice */ = {
			isa = PBXNativeTarget;
			buildConfigurationList = DEDFB5761FE71F2E00DDEFC1 /* Build configuration list for PBXNativeTarget "BitcoinPrice" */;
			buildPhases = (
				D1999E16D005580A7345870C /* [CP] Check Pods Manifest.lock */,
				DEDFB5601FE71F2E00DDEFC1 /* Sources */,
				DEDFB5611FE71F2E00DDEFC1 /* Frameworks */,
				DEDFB5621FE71F2E00DDEFC1 /* Resources */,
				E63FF5CC05D7300A0C553553 /* [CP] Embed Pods Frameworks */,
				A1F4646D24B5713F3BC4ADE6 /* [CP] Copy Pods Resources */,
			);
			buildRules = (
			);
			dependencies = (
			);
			name = BitcoinPrice;
			productName = BitcoinPrice;
			productReference = DEDFB5641FE71F2E00DDEFC1 /* BitcoinPrice.app */;
			productType = "com.apple.product-type.application";
		};
/* End PBXNativeTarget section */

/* Begin PBXProject section */
		DEDFB55C1FE71F2E00DDEFC1 /* Project object */ = {
			isa = PBXProject;
			attributes = {
				LastSwiftUpdateCheck = 0900;
				LastUpgradeCheck = 0900;
				ORGANIZATIONNAME = "Jack Carter";
				TargetAttributes = {
					DEDFB5631FE71F2E00DDEFC1 = {
						CreatedOnToolsVersion = 9.0;
						ProvisioningStyle = Automatic;
					};
				};
			};
			buildConfigurationList = DEDFB55F1FE71F2E00DDEFC1 /* Build configuration list for PBXProject "BitcoinPrice" */;
			compatibilityVersion = "Xcode 8.0";
			developmentRegion = en;
			hasScannedForEncodings = 0;
			knownRegions = (
				en,
				Base,
			);
			mainGroup = DEDFB55B1FE71F2E00DDEFC1;
			productRefGroup = DEDFB5651FE71F2E00DDEFC1 /* Products */;
			projectDirPath = "";
			projectRoot = "";
			targets = (
				DEDFB5631FE71F2E00DDEFC1 /* BitcoinPrice */,
			);
		};
/* End PBXProject section */

/* Begin PBXResourcesBuildPhase section */
		DEDFB5621FE71F2E00DDEFC1 /* Resources */ = {
			isa = PBXResourcesBuildPhase;
			buildActionMask = 2147483647;
			files = (
				DEDFB5721FE71F2E00DDEFC1 /* LaunchScreen.storyboard in Resources */,
				DEDFB56F1FE71F2E00DDEFC1 /* Assets.xcassets in Resources */,
				DEDFB56D1FE71F2E00DDEFC1 /* Main.storyboard in Resources */,
			);
			runOnlyForDeploymentPostprocessing = 0;
		};
/* End PBXResourcesBuildPhase section */

/* Begin PBXShellScriptBuildPhase section */
		A1F4646D24B5713F3BC4ADE6 /* [CP] Copy Pods Resources */ = {
			isa = PBXShellScriptBuildPhase;
			buildActionMask = 2147483647;
			files = (
			);
			inputPaths = (
			);
			name = "[CP] Copy Pods Resources";
			outputPaths = (
			);
			runOnlyForDeploymentPostprocessing = 0;
			shellPath = /bin/sh;
			shellScript = "\"${SRCROOT}/Pods/Target Support Files/Pods-BitcoinPrice/Pods-BitcoinPrice-resources.sh\"\n";
			showEnvVarsInLog = 0;
		};
		D1999E16D005580A7345870C /* [CP] Check Pods Manifest.lock */ = {
			isa = PBXShellScriptBuildPhase;
			buildActionMask = 2147483647;
			files = (
			);
			inputPaths = (
				"${PODS_PODFILE_DIR_PATH}/Podfile.lock",
				"${PODS_ROOT}/Manifest.lock",
			);
			name = "[CP] Check Pods Manifest.lock";
			outputPaths = (
				"$(DERIVED_FILE_DIR)/Pods-BitcoinPrice-checkManifestLockResult.txt",
			);
			runOnlyForDeploymentPostprocessing = 0;
			shellPath = /bin/sh;
			shellScript = "diff \"${PODS_PODFILE_DIR_PATH}/Podfile.lock\" \"${PODS_ROOT}/Manifest.lock\" > /dev/null\nif [ $? != 0 ] ; then\n    # print error to STDERR\n    echo \"error: The sandbox is not in sync with the Podfile.lock. Run 'pod install' or update your CocoaPods installation.\" >&2\n    exit 1\nfi\n# This output is used by Xcode 'outputs' to avoid re-running this script phase.\necho \"SUCCESS\" > \"${SCRIPT_OUTPUT_FILE_0}\"\n";
			showEnvVarsInLog = 0;
		};
		E63FF5CC05D7300A0C553553 /* [CP] Embed Pods Frameworks */ = {
			isa = PBXShellScriptBuildPhase;
			buildActionMask = 2147483647;
			files = (
			);
			inputPaths = (
				"${SRCROOT}/Pods/Target Support Files/Pods-BitcoinPrice/Pods-BitcoinPrice-frameworks.sh",
				"${BUILT_PRODUCTS_DIR}/Alamofire/Alamofire.framework",
			);
			name = "[CP] Embed Pods Frameworks";
			outputPaths = (
				"${TARGET_BUILD_DIR}/${FRAMEWORKS_FOLDER_PATH}/Alamofire.framework",
			);
			runOnlyForDeploymentPostprocessing = 0;
			shellPath = /bin/sh;
			shellScript = "\"${SRCROOT}/Pods/Target Support Files/Pods-BitcoinPrice/Pods-BitcoinPrice-frameworks.sh\"\n";
			showEnvVarsInLog = 0;
		};
/* End PBXShellScriptBuildPhase section */

/* Begin PBXSourcesBuildPhase section */
		DEDFB5601FE71F2E00DDEFC1 /* Sources */ = {
			isa = PBXSourcesBuildPhase;
			buildActionMask = 2147483647;
			files = (
				DEDFB57E1FE7530000DDEFC1 /* TableViewCell.swift in Sources */,
				DEDFB57C1FE7205C00DDEFC1 /* ViewController.swift in Sources */,
				DEDFB5681FE71F2E00DDEFC1 /* AppDelegate.swift in Sources */,
				DEDFB5801FECB60400DDEFC1 /* DetailViewController.swift in Sources */,
			);
			runOnlyForDeploymentPostprocessing = 0;
		};
/* End PBXSourcesBuildPhase section */

/* Begin PBXVariantGroup section */
		DEDFB56B1FE71F2E00DDEFC1 /* Main.storyboard */ = {
			isa = PBXVariantGroup;
			children = (
				DEDFB56C1FE71F2E00DDEFC1 /* Base */,
			);
			name = Main.storyboard;
			sourceTree = "<group>";
		};
		DEDFB5701FE71F2E00DDEFC1 /* LaunchScreen.storyboard */ = {
			isa = PBXVariantGroup;
			children = (
				DEDFB5711FE71F2E00DDEFC1 /* Base */,
			);
			name = LaunchScreen.storyboard;
			sourceTree = "<group>";
		};
/* End PBXVariantGroup section */

/* Begin XCBuildConfiguration section */
		DEDFB5741FE71F2E00DDEFC1 /* Debug */ = {
			isa = XCBuildConfiguration;
			buildSettings = {
				ALWAYS_SEARCH_USER_PATHS = NO;
				CLANG_ANALYZER_NONNULL = YES;
				CLANG_ANALYZER_NUMBER_OBJECT_CONVERSION = YES_AGGRESSIVE;
				CLANG_CXX_LANGUAGE_STANDARD = "gnu++14";
				CLANG_CXX_LIBRARY = "libc++";
				CLANG_ENABLE_MODULES = YES;
				CLANG_ENABLE_OBJC_ARC = YES;
				CLANG_WARN_BLOCK_CAPTURE_AUTORELEASING = YES;
				CLANG_WARN_BOOL_CONVERSION = YES;
				CLANG_WARN_COMMA = YES;
				CLANG_WARN_CONSTANT_CONVERSION = YES;
				CLANG_WARN_DIRECT_OBJC_ISA_USAGE = YES_ERROR;
				CLANG_WARN_DOCUMENTATION_COMMENTS = YES;
				CLANG_WARN_EMPTY_BODY = YES;
				CLANG_WARN_ENUM_CONVERSION = YES;
				CLANG_WARN_INFINITE_RECURSION = YES;
				CLANG_WARN_INT_CONVERSION = YES;
				CLANG_WARN_NON_LITERAL_NULL_CONVERSION = YES;
				CLANG_WARN_OBJC_LITERAL_CONVERSION = YES;
				CLANG_WARN_OBJC_ROOT_CLASS = YES_ERROR;
				CLANG_WARN_RANGE_LOOP_ANALYSIS = YES;
				CLANG_WARN_STRICT_PROTOTYPES = YES;
				CLANG_WARN_SUSPICIOUS_MOVE = YES;
				CLANG_WARN_UNGUARDED_AVAILABILITY = YES_AGGRESSIVE;
				CLANG_WARN_UNREACHABLE_CODE = YES;
				CLANG_WARN__DUPLICATE_METHOD_MATCH = YES;
				CODE_SIGN_IDENTITY = "iPhone Developer";
				COPY_PHASE_STRIP = NO;
				DEBUG_INFORMATION_FORMAT = dwarf;
				ENABLE_STRICT_OBJC_MSGSEND = YES;
				ENABLE_TESTABILITY = YES;
				GCC_C_LANGUAGE_STANDARD = gnu11;
				GCC_DYNAMIC_NO_PIC = NO;
				GCC_NO_COMMON_BLOCKS = YES;
				GCC_OPTIMIZATION_LEVEL = 0;
				GCC_PREPROCESSOR_DEFINITIONS = (
					"DEBUG=1",
					"$(inherited)",
				);
				GCC_WARN_64_TO_32_BIT_CONVERSION = YES;
				GCC_WARN_ABOUT_RETURN_TYPE = YES_ERROR;
				GCC_WARN_UNDECLARED_SELECTOR = YES;
				GCC_WARN_UNINITIALIZED_AUTOS = YES_AGGRESSIVE;
				GCC_WARN_UNUSED_FUNCTION = YES;
				GCC_WARN_UNUSED_VARIABLE = YES;
				IPHONEOS_DEPLOYMENT_TARGET = 11.0;
				MTL_ENABLE_DEBUG_INFO = YES;
				ONLY_ACTIVE_ARCH = YES;
				SDKROOT = iphoneos;
				SWIFT_ACTIVE_COMPILATION_CONDITIONS = DEBUG;
				SWIFT_OPTIMIZATION_LEVEL = "-Onone";
			};
			name = Debug;
		};
		DEDFB5751FE71F2E00DDEFC1 /* Release */ = {
			isa = XCBuildConfiguration;
			buildSettings = {
				ALWAYS_SEARCH_USER_PATHS = NO;
				CLANG_ANALYZER_NONNULL = YES;
				CLANG_ANALYZER_NUMBER_OBJECT_CONVERSION = YES_AGGRESSIVE;
				CLANG_CXX_LANGUAGE_STANDARD = "gnu++14";
				CLANG_CXX_LIBRARY = "libc++";
				CLANG_ENABLE_MODULES = YES;
				CLANG_ENABLE_OBJC_ARC = YES;
				CLANG_WARN_BLOCK_CAPTURE_AUTORELEASING = YES;
				CLANG_WARN_BOOL_CONVERSION = YES;
				CLANG_WARN_COMMA = YES;
				CLANG_WARN_CONSTANT_CONVERSION = YES;
				CLANG_WARN_DIRECT_OBJC_ISA_USAGE = YES_ERROR;
				CLANG_WARN_DOCUMENTATION_COMMENTS = YES;
				CLANG_WARN_EMPTY_BODY = YES;
				CLANG_WARN_ENUM_CONVERSION = YES;
				CLANG_WARN_INFINITE_RECURSION = YES;
				CLANG_WARN_INT_CONVERSION = YES;
				CLANG_WARN_NON_LITERAL_NULL_CONVERSION = YES;
				CLANG_WARN_OBJC_LITERAL_CONVERSION = YES;
				CLANG_WARN_OBJC_ROOT_CLASS = YES_ERROR;
				CLANG_WARN_RANGE_LOOP_ANALYSIS = YES;
				CLANG_WARN_STRICT_PROTOTYPES = YES;
				CLANG_WARN_SUSPICIOUS_MOVE = YES;
				CLANG_WARN_UNGUARDED_AVAILABILITY = YES_AGGRESSIVE;
				CLANG_WARN_UNREACHABLE_CODE = YES;
				CLANG_WARN__DUPLICATE_METHOD_MATCH = YES;
				CODE_SIGN_IDENTITY = "iPhone Developer";
				COPY_PHASE_STRIP = NO;
				DEBUG_INFORMATION_FORMAT = "dwarf-with-dsym";
				ENABLE_NS_ASSERTIONS = NO;
				ENABLE_STRICT_OBJC_MSGSEND = YES;
				GCC_C_LANGUAGE_STANDARD = gnu11;
				GCC_NO_COMMON_BLOCKS = YES;
				GCC_WARN_64_TO_32_BIT_CONVERSION = YES;
				GCC_WARN_ABOUT_RETURN_TYPE = YES_ERROR;
				GCC_WARN_UNDECLARED_SELECTOR = YES;
				GCC_WARN_UNINITIALIZED_AUTOS = YES_AGGRESSIVE;
				GCC_WARN_UNUSED_FUNCTION = YES;
				GCC_WARN_UNUSED_VARIABLE = YES;
				IPHONEOS_DEPLOYMENT_TARGET = 11.0;
				MTL_ENABLE_DEBUG_INFO = NO;
				SDKROOT = iphoneos;
				SWIFT_OPTIMIZATION_LEVEL = "-Owholemodule";
				VALIDATE_PRODUCT = YES;
			};
			name = Release;
		};
		DEDFB5771FE71F2E00DDEFC1 /* Debug */ = {
			isa = XCBuildConfiguration;
			baseConfigurationReference = AEFAC0AFD81784280573F069 /* Pods-BitcoinPrice.debug.xcconfig */;
			buildSettings = {
				ASSETCATALOG_COMPILER_APPICON_NAME = AppIcon;
				CODE_SIGN_STYLE = Automatic;
				INFOPLIST_FILE = BitcoinPrice/Info.plist;
				LD_RUNPATH_SEARCH_PATHS = "$(inherited) @executable_path/Frameworks";
				PRODUCT_BUNDLE_IDENTIFIER = JackCarter.BitcoinPrice;
				PRODUCT_NAME = "$(TARGET_NAME)";
				SWIFT_VERSION = 4.0;
				TARGETED_DEVICE_FAMILY = "1,2";
			};
			name = Debug;
		};
		DEDFB5781FE71F2E00DDEFC1 /* Release */ = {
			isa = XCBuildConfiguration;
			baseConfigurationReference = 632ACD088E61F517CCE15372 /* Pods-BitcoinPrice.release.xcconfig */;
			buildSettings = {
				ASSETCATALOG_COMPILER_APPICON_NAME = AppIcon;
				CODE_SIGN_STYLE = Automatic;
				INFOPLIST_FILE = BitcoinPrice/Info.plist;
				LD_RUNPATH_SEARCH_PATHS = "$(inherited) @executable_path/Frameworks";
				PRODUCT_BUNDLE_IDENTIFIER = JackCarter.BitcoinPrice;
				PRODUCT_NAME = "$(TARGET_NAME)";
				SWIFT_VERSION = 4.0;
				TARGETED_DEVICE_FAMILY = "1,2";
			};
			name = Release;
		};
/* End XCBuildConfiguration section */

/* Begin XCConfigurationList section */
		DEDFB55F1FE71F2E00DDEFC1 /* Build configuration list for PBXProject "BitcoinPrice" */ = {
			isa = XCConfigurationList;
			buildConfigurations = (
				DEDFB5741FE71F2E00DDEFC1 /* Debug */,
				DEDFB5751FE71F2E00DDEFC1 /* Release */,
			);
			defaultConfigurationIsVisible = 0;
			defaultConfigurationName = Release;
		};
		DEDFB5761FE71F2E00DDEFC1 /* Build configuration list for PBXNativeTarget "BitcoinPrice" */ = {
			isa = XCConfigurationList;
			buildConfigurations = (
				DEDFB5771FE71F2E00DDEFC1 /* Debug */,
				DEDFB5781FE71F2E00DDEFC1 /* Release */,
			);
			defaultConfigurationIsVisible = 0;
			defaultConfigurationName = Release;
		};
/* End XCConfigurationList section */
	};
	rootObject = DEDFB55C1FE71F2E00DDEFC1 /* Project object */;
}
